// !$*UTF8*$!
{
	archiveVersion = 1;
	classes = {
	};
	objectVersion = 48;
	objects = {

/* Begin PBXBuildFile section */
		18B44DEE207E0BD600187A60 /* AppDelegate.m in Sources */ = {isa = PBXBuildFile; fileRef = 18B44DED207E0BD600187A60 /* AppDelegate.m */; };
		18B44DF1207E0BD600187A60 /* ViewController.m in Sources */ = {isa = PBXBuildFile; fileRef = 18B44DF0207E0BD600187A60 /* ViewController.m */; };
		18B44DF4207E0BD600187A60 /* Main.storyboard in Resources */ = {isa = PBXBuildFile; fileRef = 18B44DF2207E0BD600187A60 /* Main.storyboard */; };
		18B44DF6207E0BD600187A60 /* Assets.xcassets in Resources */ = {isa = PBXBuildFile; fileRef = 18B44DF5207E0BD600187A60 /* Assets.xcassets */; };
		18B44DF9207E0BD600187A60 /* LaunchScreen.storyboard in Resources */ = {isa = PBXBuildFile; fileRef = 18B44DF7207E0BD600187A60 /* LaunchScreen.storyboard */; };
		18B44DFC207E0BD600187A60 /* main.m in Sources */ = {isa = PBXBuildFile; fileRef = 18B44DFB207E0BD600187A60 /* main.m */; };
		18B44E05207E0BF000187A60 /* OttoFPSButton.m in Sources */ = {isa = PBXBuildFile; fileRef = 18B44E04207E0BF000187A60 /* OttoFPSButton.m */; };
		18B44E0C207E0DAE00187A60 /* HomeViewController.m in Sources */ = {isa = PBXBuildFile; fileRef = 18B44E0A207E0DAE00187A60 /* HomeViewController.m */; };
		18B44E0D207E0DAE00187A60 /* HomeViewController.xib in Resources */ = {isa = PBXBuildFile; fileRef = 18B44E0B207E0DAE00187A60 /* HomeViewController.xib */; };
/* End PBXBuildFile section */

/* Begin PBXFileReference section */
		18B44DE9207E0BD600187A60 /* OttoFPSButtonDemo.app */ = {isa = PBXFileReference; explicitFileType = wrapper.application; includeInIndex = 0; path = OttoFPSButtonDemo.app; sourceTree = BUILT_PRODUCTS_DIR; };
		18B44DEC207E0BD600187A60 /* AppDelegate.h */ = {isa = PBXFileReference; lastKnownFileType = sourcecode.c.h; path = AppDelegate.h; sourceTree = "<group>"; };
		18B44DED207E0BD600187A60 /* AppDelegate.m */ = {isa = PBXFileReference; lastKnownFileType = sourcecode.c.objc; path = AppDelegate.m; sourceTree = "<group>"; };
		18B44DEF207E0BD600187A60 /* ViewController.h */ = {isa = PBXFileReference; lastKnownFileType = sourcecode.c.h; path = ViewController.h; sourceTree = "<group>"; };
		18B44DF0207E0BD600187A60 /* ViewController.m */ = {isa = PBXFileReference; lastKnownFileType = sourcecode.c.objc; path = ViewController.m; sourceTree = "<group>"; };
		18B44DF3207E0BD600187A60 /* Base */ = {isa = PBXFileReference; lastKnownFileType = file.storyboard; name = Base; path = Base.lproj/Main.storyboard; sourceTree = "<group>"; };
		18B44DF5207E0BD600187A60 /* Assets.xcassets */ = {isa = PBXFileReference; lastKnownFileType = folder.assetcatalog; path = Assets.xcassets; sourceTree = "<group>"; };
		18B44DF8207E0BD600187A60 /* Base */ = {isa = PBXFileReference; lastKnownFileType = file.storyboard; name = Base; path = Base.lproj/LaunchScreen.storyboard; sourceTree = "<group>"; };
		18B44DFA207E0BD600187A60 /* Info.plist */ = {isa = PBXFileReference; lastKnownFileType = text.plist.xml; path = Info.plist; sourceTree = "<group>"; };
		18B44DFB207E0BD600187A60 /* main.m */ = {isa = PBXFileReference; lastKnownFileType = sourcecode.c.objc; path = main.m; sourceTree = "<group>"; };
		18B44E03207E0BF000187A60 /* OttoFPSButton.h */ = {isa = PBXFileReference; fileEncoding = 4; lastKnownFileType = sourcecode.c.h; path = OttoFPSButton.h; sourceTree = "<group>"; };
		18B44E04207E0BF000187A60 /* OttoFPSButton.m */ = {isa = PBXFileReference; fileEncoding = 4; lastKnownFileType = sourcecode.c.objc; path = OttoFPSButton.m; sourceTree = "<group>"; };
		18B44E09207E0DAE00187A60 /* HomeViewController.h */ = {isa = PBXFileReference; lastKnownFileType = sourcecode.c.h; path = HomeViewController.h; sourceTree = "<group>"; };
		18B44E0A207E0DAE00187A60 /* HomeViewController.m */ = {isa = PBXFileReference; lastKnownFileType = sourcecode.c.objc; path = HomeViewController.m; sourceTree = "<group>"; };
		18B44E0B207E0DAE00187A60 /* HomeViewController.xib */ = {isa = PBXFileReference; lastKnownFileType = file.xib; path = HomeViewController.xib; sourceTree = "<group>"; };
/* End PBXFileReference section */

/* Begin PBXFrameworksBuildPhase section */
		18B44DE6207E0BD600187A60 /* Frameworks */ = {
			isa = PBXFrameworksBuildPhase;
			buildActionMask = 2147483647;
			files = (
			);
			runOnlyForDeploymentPostprocessing = 0;
		};
/* End PBXFrameworksBuildPhase section */

/* Begin PBXGroup section */
		18B44DE0207E0BD600187A60 = {
			isa = PBXGroup;
			children = (
				18B44DEB207E0BD600187A60 /* OttoFPSButtonDemo */,
				18B44DEA207E0BD600187A60 /* Products */,
			);
			sourceTree = "<group>";
		};
		18B44DEA207E0BD600187A60 /* Products */ = {
			isa = PBXGroup;
			children = (
				18B44DE9207E0BD600187A60 /* OttoFPSButtonDemo.app */,
			);
			name = Products;
			sourceTree = "<group>";
		};
		18B44DEB207E0BD600187A60 /* OttoFPSButtonDemo */ = {
			isa = PBXGroup;
			children = (
				18B44E02207E0BE200187A60 /* OttoFPSButton */,
				18B44DEC207E0BD600187A60 /* AppDelegate.h */,
				18B44DED207E0BD600187A60 /* AppDelegate.m */,
				18B44E09207E0DAE00187A60 /* HomeViewController.h */,
				18B44E0A207E0DAE00187A60 /* HomeViewController.m */,
				18B44E0B207E0DAE00187A60 /* HomeViewController.xib */,
				18B44DEF207E0BD600187A60 /* ViewController.h */,
				18B44DF0207E0BD600187A60 /* ViewController.m */,
				18B44DF2207E0BD600187A60 /* Main.storyboard */,
				18B44DF5207E0BD600187A60 /* Assets.xcassets */,
				18B44DF7207E0BD600187A60 /* LaunchScreen.storyboard */,
				18B44DFA207E0BD600187A60 /* Info.plist */,
				18B44DFB207E0BD600187A60 /* main.m */,
			);
			path = OttoFPSButtonDemo;
			sourceTree = "<group>";
		};
		18B44E02207E0BE200187A60 /* OttoFPSButton */ = {
			isa = PBXGroup;
			children = (
				18B44E03207E0BF000187A60 /* OttoFPSButton.h */,
				18B44E04207E0BF000187A60 /* OttoFPSButton.m */,
			);
			path = OttoFPSButton;
			sourceTree = "<group>";
		};
/* End PBXGroup section */

/* Begin PBXNativeTarget section */
		18B44DE8207E0BD600187A60 /* OttoFPSButtonDemo */ = {
			isa = PBXNativeTarget;
			buildConfigurationList = 18B44DFF207E0BD600187A60 /* Build configuration list for PBXNativeTarget "OttoFPSButtonDemo" */;
			buildPhases = (
				18B44DE5207E0BD600187A60 /* Sources */,
				18B44DE6207E0BD600187A60 /* Frameworks */,
				18B44DE7207E0BD600187A60 /* Resources */,
			);
			buildRules = (
			);
			dependencies = (
			);
			name = OttoFPSButtonDemo;
			productName = OttoFPSButtonDemo;
			productReference = 18B44DE9207E0BD600187A60 /* OttoFPSButtonDemo.app */;
			productType = "com.apple.product-type.application";
		};
/* End PBXNativeTarget section */

/* Begin PBXProject section */
		18B44DE1207E0BD600187A60 /* Project object */ = {
			isa = PBXProject;
			attributes = {
				LastUpgradeCheck = 0920;
				ORGANIZATIONNAME = otto;
				TargetAttributes = {
					18B44DE8207E0BD600187A60 = {
						CreatedOnToolsVersion = 9.2;
						ProvisioningStyle = Automatic;
					};
				};
			};
			buildConfigurationList = 18B44DE4207E0BD600187A60 /* Build configuration list for PBXProject "OttoFPSButtonDemo" */;
			compatibilityVersion = "Xcode 8.0";
			developmentRegion = en;
			hasScannedForEncodings = 0;
			knownRegions = (
				en,
				Base,
			);
			mainGroup = 18B44DE0207E0BD600187A60;
			productRefGroup = 18B44DEA207E0BD600187A60 /* Products */;
			projectDirPath = "";
			projectRoot = "";
			targets = (
				18B44DE8207E0BD600187A60 /* OttoFPSButtonDemo */,
			);
		};
/* End PBXProject section */

/* Begin PBXResourcesBuildPhase section */
		18B44DE7207E0BD600187A60 /* Resources */ = {
			isa = PBXResourcesBuildPhase;
			buildActionMask = 2147483647;
			files = (
				18B44DF9207E0BD600187A60 /* LaunchScreen.storyboard in Resources */,
				18B44DF6207E0BD600187A60 /* Assets.xcassets in Resources */,
				18B44DF4207E0BD600187A60 /* Main.storyboard in Resources */,
				18B44E0D207E0DAE00187A60 /* HomeViewController.xib in Resources */,
			);
			runOnlyForDeploymentPostprocessing = 0;
		};
/* End PBXResourcesBuildPhase section */

/* Begin PBXSourcesBuildPhase section */
		18B44DE5207E0BD600187A60 /* Sources */ = {
			isa = PBXSourcesBuildPhase;
			buildActionMask = 2147483647;
			files = (
				18B44DF1207E0BD600187A60 /* ViewController.m in Sources */,
				18B44E05207E0BF000187A60 /* OttoFPSButton.m in Sources */,
				18B44DFC207E0BD600187A60 /* main.m in Sources */,
				18B44E0C207E0DAE00187A60 /* HomeViewController.m in Sources */,
				18B44DEE207E0BD600187A60 /* AppDelegate.m in Sources */,
			);
			runOnlyForDeploymentPostprocessing = 0;
		};
/* End PBXSourcesBuildPhase section */

/* Begin PBXVariantGroup section */
		18B44DF2207E0BD600187A60 /* Main.storyboard */ = {
			isa = PBXVariantGroup;
			children = (
				18B44DF3207E0BD600187A60 /* Base */,
			);
			name = Main.storyboard;
			sourceTree = "<group>";
		};
		18B44DF7207E0BD600187A60 /* LaunchScreen.storyboard */ = {
			isa = PBXVariantGroup;
			children = (
				18B44DF8207E0BD600187A60 /* Base */,
			);
			name = LaunchScreen.storyboard;
			sourceTree = "<group>";
		};
/* End PBXVariantGroup section */

/* Begin XCBuildConfiguration section */
		18B44DFD207E0BD600187A60 /* Debug */ = {
			isa = XCBuildConfiguration;
			buildSettings = {
				ALWAYS_SEARCH_USER_PATHS = NO;
				CLANG_ANALYZER_NONNULL = YES;
				CLANG_ANALYZER_NUMBER_OBJECT_CONVERSION = YES_AGGRESSIVE;
				CLANG_CXX_LANGUAGE_STANDARD = "gnu++14";
				CLANG_CXX_LIBRARY = "libc++";
				CLANG_ENABLE_MODULES = YES;
				CLANG_ENABLE_OBJC_ARC = YES;
				CLANG_WARN_BLOCK_CAPTURE_AUTORELEASING = YES;
				CLANG_WARN_BOOL_CONVERSION = YES;
				CLANG_WARN_COMMA = YES;
				CLANG_WARN_CONSTANT_CONVERSION = YES;
				CLANG_WARN_DIRECT_OBJC_ISA_USAGE = YES_ERROR;
				CLANG_WARN_DOCUMENTATION_COMMENTS = YES;
				CLANG_WARN_EMPTY_BODY = YES;
				CLANG_WARN_ENUM_CONVERSION = YES;
				CLANG_WARN_INFINITE_RECURSION = YES;
				CLANG_WARN_INT_CONVERSION = YES;
				CLANG_WARN_NON_LITERAL_NULL_CONVERSION = YES;
				CLANG_WARN_OBJC_LITERAL_CONVERSION = YES;
				CLANG_WARN_OBJC_ROOT_CLASS = YES_ERROR;
				CLANG_WARN_RANGE_LOOP_ANALYSIS = YES;
				CLANG_WARN_STRICT_PROTOTYPES = YES;
				CLANG_WARN_SUSPICIOUS_MOVE = YES;
				CLANG_WARN_UNGUARDED_AVAILABILITY = YES_AGGRESSIVE;
				CLANG_WARN_UNREACHABLE_CODE = YES;
				CLANG_WARN__DUPLICATE_METHOD_MATCH = YES;
				CODE_SIGN_IDENTITY = "iPhone Developer";
				COPY_PHASE_STRIP = NO;
				DEBUG_INFORMATION_FORMAT = dwarf;
				ENABLE_STRICT_OBJC_MSGSEND = YES;
				ENABLE_TESTABILITY = YES;
				GCC_C_LANGUAGE_STANDARD = gnu11;
				GCC_DYNAMIC_NO_PIC = NO;
				GCC_NO_COMMON_BLOCKS = YES;
				GCC_OPTIMIZATION_LEVEL = 0;
				GCC_PREPROCESSOR_DEFINITIONS = (
					"DEBUG=1",
					"$(inherited)",
				);
				GCC_WARN_64_TO_32_BIT_CONVERSION = YES;
				GCC_WARN_ABOUT_RETURN_TYPE = YES_ERROR;
				GCC_WARN_UNDECLARED_SELECTOR = YES;
				GCC_WARN_UNINITIALIZED_AUTOS = YES_AGGRESSIVE;
				GCC_WARN_UNUSED_FUNCTION = YES;
				GCC_WARN_UNUSED_VARIABLE = YES;
				IPHONEOS_DEPLOYMENT_TARGET = 11.2;
				MTL_ENABLE_DEBUG_INFO = YES;
				ONLY_ACTIVE_ARCH = YES;
				SDKROOT = iphoneos;
			};
			name = Debug;
		};
		18B44DFE207E0BD600187A60 /* Release */ = {
			isa = XCBuildConfiguration;
			buildSettings = {
				ALWAYS_SEARCH_USER_PATHS = NO;
				CLANG_ANALYZER_NONNULL = YES;
				CLANG_ANALYZER_NUMBER_OBJECT_CONVERSION = YES_AGGRESSIVE;
				CLANG_CXX_LANGUAGE_STANDARD = "gnu++14";
				CLANG_CXX_LIBRARY = "libc++";
				CLANG_ENABLE_MODULES = YES;
				CLANG_ENABLE_OBJC_ARC = YES;
				CLANG_WARN_BLOCK_CAPTURE_AUTORELEASING = YES;
				CLANG_WARN_BOOL_CONVERSION = YES;
				CLANG_WARN_COMMA = YES;
				CLANG_WARN_CONSTANT_CONVERSION = YES;
				CLANG_WARN_DIRECT_OBJC_ISA_USAGE = YES_ERROR;
				CLANG_WARN_DOCUMENTATION_COMMENTS = YES;
				CLANG_WARN_EMPTY_BODY = YES;
				CLANG_WARN_ENUM_CONVERSION = YES;
				CLANG_WARN_INFINITE_RECURSION = YES;
				CLANG_WARN_INT_CONVERSION = YES;
				CLANG_WARN_NON_LITERAL_NULL_CONVERSION = YES;
				CLANG_WARN_OBJC_LITERAL_CONVERSION = YES;
				CLANG_WARN_OBJC_ROOT_CLASS = YES_ERROR;
				CLANG_WARN_RANGE_LOOP_ANALYSIS = YES;
				CLANG_WARN_STRICT_PROTOTYPES = YES;
				CLANG_WARN_SUSPICIOUS_MOVE = YES;
				CLANG_WARN_UNGUARDED_AVAILABILITY = YES_AGGRESSIVE;
				CLANG_WARN_UNREACHABLE_CODE = YES;
				CLANG_WARN__DUPLICATE_METHOD_MATCH = YES;
				CODE_SIGN_IDENTITY = "iPhone Developer";
				COPY_PHASE_STRIP = NO;
				DEBUG_INFORMATION_FORMAT = "dwarf-with-dsym";
				ENABLE_NS_ASSERTIONS = NO;
				ENABLE_STRICT_OBJC_MSGSEND = YES;
				GCC_C_LANGUAGE_STANDARD = gnu11;
				GCC_NO_COMMON_BLOCKS = YES;
				GCC_WARN_64_TO_32_BIT_CONVERSION = YES;
				GCC_WARN_ABOUT_RETURN_TYPE = YES_ERROR;
				GCC_WARN_UNDECLARED_SELECTOR = YES;
				GCC_WARN_UNINITIALIZED_AUTOS = YES_AGGRESSIVE;
				GCC_WARN_UNUSED_FUNCTION = YES;
				GCC_WARN_UNUSED_VARIABLE = YES;
				IPHONEOS_DEPLOYMENT_TARGET = 11.2;
				MTL_ENABLE_DEBUG_INFO = NO;
				SDKROOT = iphoneos;
				VALIDATE_PRODUCT = YES;
			};
			name = Release;
		};
		18B44E00207E0BD600187A60 /* Debug */ = {
			isa = XCBuildConfiguration;
			buildSettings = {
				ASSETCATALOG_COMPILER_APPICON_NAME = AppIcon;
				CODE_SIGN_STYLE = Automatic;
				DEVELOPMENT_TEAM = "";
				INFOPLIST_FILE = OttoFPSButtonDemo/Info.plist;
				IPHONEOS_DEPLOYMENT_TARGET = 9.0;
				LD_RUNPATH_SEARCH_PATHS = "$(inherited) @executable_path/Frameworks";
				PRODUCT_BUNDLE_IDENTIFIER = otto.OttoFPSButtonDemo;
				PRODUCT_NAME = "$(TARGET_NAME)";
				TARGETED_DEVICE_FAMILY = "1,2";
			};
			name = Debug;
		};
		18B44E01207E0BD600187A60 /* Release */ = {
			isa = XCBuildConfiguration;
			buildSettings = {
				ASSETCATALOG_COMPILER_APPICON_NAME = AppIcon;
				CODE_SIGN_STYLE = Automatic;
				DEVELOPMENT_TEAM = "";
				INFOPLIST_FILE = OttoFPSButtonDemo/Info.plist;
				IPHONEOS_DEPLOYMENT_TARGET = 9.0;
				LD_RUNPATH_SEARCH_PATHS = "$(inherited) @executable_path/Frameworks";
				PRODUCT_BUNDLE_IDENTIFIER = otto.OttoFPSButtonDemo;
				PRODUCT_NAME = "$(TARGET_NAME)";
				TARGETED_DEVICE_FAMILY = "1,2";
			};
			name = Release;
		};
/* End XCBuildConfiguration section */

/* Begin XCConfigurationList section */
		18B44DE4207E0BD600187A60 /* Build configuration list for PBXProject "OttoFPSButtonDemo" */ = {
			isa = XCConfigurationList;
			buildConfigurations = (
				18B44DFD207E0BD600187A60 /* Debug */,
				18B44DFE207E0BD600187A60 /* Release */,
			);
			defaultConfigurationIsVisible = 0;
			defaultConfigurationName = Release;
		};
		18B44DFF207E0BD600187A60 /* Build configuration list for PBXNativeTarget "OttoFPSButtonDemo" */ = {
			isa = XCConfigurationList;
			buildConfigurations = (
				18B44E00207E0BD600187A60 /* Debug */,
				18B44E01207E0BD600187A60 /* Release */,
			);
			defaultConfigurationIsVisible = 0;
			defaultConfigurationName = Release;
		};
/* End XCConfigurationList section */
	};
	rootObject = 18B44DE1207E0BD600187A60 /* Project object */;
}
